
Microsoft Visual Studio Solution File, Format Version 12.00
# Visual Studio Version 16
VisualStudioVersion = 16.0.30907.101
MinimumVisualStudioVersion = 10.0.40219.1
Project("{FAE04EC0-301F-11D3-BF4B-00C04F79EFBC}") = "Stopwatches.Android", "Stopwatches.Android\Stopwatches.Android.csproj", "{C44088F2-7ECB-4B8E-BA03-3E69465710CD}"
EndProject
Project("{FAE04EC0-301F-11D3-BF4B-00C04F79EFBC}") = "Stopwatches.iOS", "Stopwatches.iOS\Stopwatches.iOS.csproj", "{33A502A4-B40C-41BB-A787-21756C82DD36}"
EndProject
Project("{FAE04EC0-301F-11D3-BF4B-00C04F79EFBC}") = "Stopwatches", "Stopwatches\Stopwatches.csproj", "{FFB9F7A7-80C7-41DC-90D0-E8BD1E2AD75A}"
EndProject
Global
	GlobalSection(SolutionConfigurationPlatforms) = preSolution
		Debug|Any CPU = Debug|Any CPU
		Debug|iPhone = Debug|iPhone
		Debug|iPhoneSimulator = Debug|iPhoneSimulator
		Release|Any CPU = Release|Any CPU
		Release|iPhone = Release|iPhone
		Release|iPhoneSimulator = Release|iPhoneSimulator
	EndGlobalSection
	GlobalSection(ProjectConfigurationPlatforms) = postSolution
		{C44088F2-7ECB-4B8E-BA03-3E69465710CD}.Debug|Any CPU.ActiveCfg = Debug|Any CPU
		{C44088F2-7ECB-4B8E-BA03-3E69465710CD}.Debug|Any CPU.Build.0 = Debug|Any CPU
		{C44088F2-7ECB-4B8E-BA03-3E69465710CD}.Debug|Any CPU.Deploy.0 = Debug|Any CPU
		{C44088F2-7ECB-4B8E-BA03-3E69465710CD}.Debug|iPhone.ActiveCfg = Debug|Any CPU
		{C44088F2-7ECB-4B8E-BA03-3E69465710CD}.Debug|iPhone.Build.0 = Debug|Any CPU
		{C44088F2-7ECB-4B8E-BA03-3E69465710CD}.Debug|iPhone.Deploy.0 = Debug|Any CPU
		{C44088F2-7ECB-4B8E-BA03-3E69465710CD}.Debug|iPhoneSimulator.ActiveCfg = Debug|Any CPU
		{C44088F2-7ECB-4B8E-BA03-3E69465710CD}.Debug|iPhoneSimulator.Build.0 = Debug|Any CPU
		{C44088F2-7ECB-4B8E-BA03-3E69465710CD}.Debug|iPhoneSimulator.Deploy.0 = Debug|Any CPU
		{C44088F2-7ECB-4B8E-BA03-3E69465710CD}.Release|Any CPU.ActiveCfg = Release|Any CPU
		{C44088F2-7ECB-4B8E-BA03-3E69465710CD}.Release|Any CPU.Build.0 = Release|Any CPU
		{C44088F2-7ECB-4B8E-BA03-3E69465710CD}.Release|Any CPU.Deploy.0 = Release|Any CPU
		{C44088F2-7ECB-4B8E-BA03-3E69465710CD}.Release|iPhone.ActiveCfg = Release|Any CPU
		{C44088F2-7ECB-4B8E-BA03-3E69465710CD}.Release|iPhone.Build.0 = Release|Any CPU
		{C44088F2-7ECB-4B8E-BA03-3E69465710CD}.Release|iPhone.Deploy.0 = Release|Any CPU
		{C44088F2-7ECB-4B8E-BA03-3E69465710CD}.Release|iPhoneSimulator.ActiveCfg = Release|Any CPU
		{C44088F2-7ECB-4B8E-BA03-3E69465710CD}.Release|iPhoneSimulator.Build.0 = Release|Any CPU
		{C44088F2-7ECB-4B8E-BA03-3E69465710CD}.Release|iPhoneSimulator.Deploy.0 = Release|Any CPU
		{33A502A4-B40C-41BB-A787-21756C82DD36}.Debug|Any CPU.ActiveCfg = Debug|iPhone
		{33A502A4-B40C-41BB-A787-21756C82DD36}.Debug|Any CPU.Build.0 = Debug|iPhone
		{33A502A4-B40C-41BB-A787-21756C82DD36}.Debug|Any CPU.Deploy.0 = Debug|iPhone
		{33A502A4-B40C-41BB-A787-21756C82DD36}.Debug|iPhone.ActiveCfg = Debug|iPhone
		{33A502A4-B40C-41BB-A787-21756C82DD36}.Debug|iPhone.Build.0 = Debug|iPhone
		{33A502A4-B40C-41BB-A787-21756C82DD36}.Debug|iPhone.Deploy.0 = Debug|iPhone
		{33A502A4-B40C-41BB-A787-21756C82DD36}.Debug|iPhoneSimulator.ActiveCfg = Debug|iPhoneSimulator
		{33A502A4-B40C-41BB-A787-21756C82DD36}.Debug|iPhoneSimulator.Build.0 = Debug|iPhoneSimulator
		{33A502A4-B40C-41BB-A787-21756C82DD36}.Debug|iPhoneSimulator.Deploy.0 = Debug|iPhoneSimulator
		{33A502A4-B40C-41BB-A787-21756C82DD36}.Release|Any CPU.ActiveCfg = Release|iPhoneSimulator
		{33A502A4-B40C-41BB-A787-21756C82DD36}.Release|Any CPU.Build.0 = Release|iPhoneSimulator
		{33A502A4-B40C-41BB-A787-21756C82DD36}.Release|Any CPU.Deploy.0 = Release|iPhoneSimulator
		{33A502A4-B40C-41BB-A787-21756C82DD36}.Release|iPhone.ActiveCfg = Release|iPhone
		{33A502A4-B40C-41BB-A787-21756C82DD36}.Release|iPhone.Build.0 = Release|iPhone
		{33A502A4-B40C-41BB-A787-21756C82DD36}.Release|iPhone.Deploy.0 = Release|iPhone
		{33A502A4-B40C-41BB-A787-21756C82DD36}.Release|iPhoneSimulator.ActiveCfg = Release|iPhoneSimulator
		{33A502A4-B40C-41BB-A787-21756C82DD36}.Release|iPhoneSimulator.Build.0 = Release|iPhoneSimulator
		{33A502A4-B40C-41BB-A787-21756C82DD36}.Release|iPhoneSimulator.Deploy.0 = Release|iPhoneSimulator
		{FFB9F7A7-80C7-41DC-90D0-E8BD1E2AD75A}.Debug|Any CPU.ActiveCfg = Debug|Any CPU
		{FFB9F7A7-80C7-41DC-90D0-E8BD1E2AD75A}.Debug|Any CPU.Build.0 = Debug|Any CPU
		{FFB9F7A7-80C7-41DC-90D0-E8BD1E2AD75A}.Debug|Any CPU.Deploy.0 = Debug|Any CPU
		{FFB9F7A7-80C7-41DC-90D0-E8BD1E2AD75A}.Debug|iPhone.ActiveCfg = Debug|Any CPU
		{FFB9F7A7-80C7-41DC-90D0-E8BD1E2AD75A}.Debug|iPhone.Build.0 = Debug|Any CPU
		{FFB9F7A7-80C7-41DC-90D0-E8BD1E2AD75A}.Debug|iPhone.Deploy.0 = Debug|Any CPU
		{FFB9F7A7-80C7-41DC-90D0-E8BD1E2AD75A}.Debug|iPhoneSimulator.ActiveCfg = Debug|Any CPU
		{FFB9F7A7-80C7-41DC-90D0-E8BD1E2AD75A}.Debug|iPhoneSimulator.Build.0 = Debug|Any CPU
		{FFB9F7A7-80C7-41DC-90D0-E8BD1E2AD75A}.Debug|iPhoneSimulator.Deploy.0 = Debug|Any CPU
		{FFB9F7A7-80C7-41DC-90D0-E8BD1E2AD75A}.Release|Any CPU.ActiveCfg = Release|Any CPU
		{FFB9F7A7-80C7-41DC-90D0-E8BD1E2AD75A}.Release|Any CPU.Build.0 = Release|Any CPU
		{FFB9F7A7-80C7-41DC-90D0-E8BD1E2AD75A}.Release|Any CPU.Deploy.0 = Release|Any CPU
		{FFB9F7A7-80C7-41DC-90D0-E8BD1E2AD75A}.Release|iPhone.ActiveCfg = Release|Any CPU
		{FFB9F7A7-80C7-41DC-90D0-E8BD1E2AD75A}.Release|iPhone.Build.0 = Release|Any CPU
		{FFB9F7A7-80C7-41DC-90D0-E8BD1E2AD75A}.Release|iPhone.Deploy.0 = Release|Any CPU
		{FFB9F7A7-80C7-41DC-90D0-E8BD1E2AD75A}.Release|iPhoneSimulator.ActiveCfg = Release|Any CPU
		{FFB9F7A7-80C7-41DC-90D0-E8BD1E2AD75A}.Release|iPhoneSimulator.Build.0 = Release|Any CPU
		{FFB9F7A7-80C7-41DC-90D0-E8BD1E2AD75A}.Release|iPhoneSimulator.Deploy.0 = Release|Any CPU
	EndGlobalSection
	GlobalSection(SolutionProperties) = preSolution
		HideSolutionNode = FALSE
	EndGlobalSection
	GlobalSection(ExtensibilityGlobals) = postSolution
		SolutionGuid = {DDC7ACD9-BC31-4ECE-8A5A-20F4DE4D4E79}
	EndGlobalSection
EndGlobal
